// !$*UTF8*$!
{
	archiveVersion = 1;
	classes = {
	};
	objectVersion = 56;
	objects = {

/* Begin PBXBuildFile section */
		DE00802428F992B200F2C570 /* AppDelegate.swift in Sources */ = {isa = PBXBuildFile; fileRef = DE00802328F992B200F2C570 /* AppDelegate.swift */; };
		DE00802628F992B200F2C570 /* SceneDelegate.swift in Sources */ = {isa = PBXBuildFile; fileRef = DE00802528F992B200F2C570 /* SceneDelegate.swift */; };
		DE00802828F992B200F2C570 /* FieldViewController.swift in Sources */ = {isa = PBXBuildFile; fileRef = DE00802728F992B200F2C570 /* FieldViewController.swift */; };
		DE00802D28F992BA00F2C570 /* Assets.xcassets in Resources */ = {isa = PBXBuildFile; fileRef = DE00802C28F992BA00F2C570 /* Assets.xcassets */; };
		DEAFBCDD28F9967C00739A99 /* Player.swift in Sources */ = {isa = PBXBuildFile; fileRef = DEAFBCDC28F9967C00739A99 /* Player.swift */; };
		DEAFBCE028F9979700739A99 /* Position.swift in Sources */ = {isa = PBXBuildFile; fileRef = DEAFBCDF28F9979700739A99 /* Position.swift */; };
		DEAFBCE328F9982500739A99 /* Stat.swift in Sources */ = {isa = PBXBuildFile; fileRef = DEAFBCE228F9982500739A99 /* Stat.swift */; };
		DEAFBCE528F998B400739A99 /* Physical.swift in Sources */ = {isa = PBXBuildFile; fileRef = DEAFBCE428F998B400739A99 /* Physical.swift */; };
		DEAFBCE828F99F2A00739A99 /* PlayerView.swift in Sources */ = {isa = PBXBuildFile; fileRef = DEAFBCE728F99F2A00739A99 /* PlayerView.swift */; };
		DEAFBCEA28FC135C00739A99 /* PlayerDefaultView.swift in Sources */ = {isa = PBXBuildFile; fileRef = DEAFBCE928FC135C00739A99 /* PlayerDefaultView.swift */; };
		DEAFBCEC28FC13F400739A99 /* CardView.swift in Sources */ = {isa = PBXBuildFile; fileRef = DEAFBCEB28FC13F400739A99 /* CardView.swift */; };
		DEAFBCEE28FC25B400739A99 /* Formation.swift in Sources */ = {isa = PBXBuildFile; fileRef = DEAFBCED28FC25B300739A99 /* Formation.swift */; };
/* End PBXBuildFile section */

/* Begin PBXFileReference section */
		DE00802028F992B200F2C570 /* DragAndDrop.app */ = {isa = PBXFileReference; explicitFileType = wrapper.application; includeInIndex = 0; path = DragAndDrop.app; sourceTree = BUILT_PRODUCTS_DIR; };
		DE00802328F992B200F2C570 /* AppDelegate.swift */ = {isa = PBXFileReference; lastKnownFileType = sourcecode.swift; path = AppDelegate.swift; sourceTree = "<group>"; };
		DE00802528F992B200F2C570 /* SceneDelegate.swift */ = {isa = PBXFileReference; lastKnownFileType = sourcecode.swift; path = SceneDelegate.swift; sourceTree = "<group>"; };
		DE00802728F992B200F2C570 /* FieldViewController.swift */ = {isa = PBXFileReference; lastKnownFileType = sourcecode.swift; path = FieldViewController.swift; sourceTree = "<group>"; };
		DE00802C28F992BA00F2C570 /* Assets.xcassets */ = {isa = PBXFileReference; lastKnownFileType = folder.assetcatalog; path = Assets.xcassets; sourceTree = "<group>"; };
		DE00803128F992BA00F2C570 /* Info.plist */ = {isa = PBXFileReference; lastKnownFileType = text.plist.xml; path = Info.plist; sourceTree = "<group>"; };
		DEAFBCDC28F9967C00739A99 /* Player.swift */ = {isa = PBXFileReference; lastKnownFileType = sourcecode.swift; path = Player.swift; sourceTree = "<group>"; };
		DEAFBCDF28F9979700739A99 /* Position.swift */ = {isa = PBXFileReference; lastKnownFileType = sourcecode.swift; path = Position.swift; sourceTree = "<group>"; };
		DEAFBCE228F9982500739A99 /* Stat.swift */ = {isa = PBXFileReference; lastKnownFileType = sourcecode.swift; path = Stat.swift; sourceTree = "<group>"; };
		DEAFBCE428F998B400739A99 /* Physical.swift */ = {isa = PBXFileReference; lastKnownFileType = sourcecode.swift; path = Physical.swift; sourceTree = "<group>"; };
		DEAFBCE728F99F2A00739A99 /* PlayerView.swift */ = {isa = PBXFileReference; lastKnownFileType = sourcecode.swift; path = PlayerView.swift; sourceTree = "<group>"; };
		DEAFBCE928FC135C00739A99 /* PlayerDefaultView.swift */ = {isa = PBXFileReference; lastKnownFileType = sourcecode.swift; path = PlayerDefaultView.swift; sourceTree = "<group>"; };
		DEAFBCEB28FC13F400739A99 /* CardView.swift */ = {isa = PBXFileReference; lastKnownFileType = sourcecode.swift; path = CardView.swift; sourceTree = "<group>"; };
		DEAFBCED28FC25B300739A99 /* Formation.swift */ = {isa = PBXFileReference; lastKnownFileType = sourcecode.swift; path = Formation.swift; sourceTree = "<group>"; };
/* End PBXFileReference section */

/* Begin PBXFrameworksBuildPhase section */
		DE00801D28F992B200F2C570 /* Frameworks */ = {
			isa = PBXFrameworksBuildPhase;
			buildActionMask = 2147483647;
			files = (
			);
			runOnlyForDeploymentPostprocessing = 0;
		};
/* End PBXFrameworksBuildPhase section */

/* Begin PBXGroup section */
		DE00801728F992B200F2C570 = {
			isa = PBXGroup;
			children = (
				DE00802228F992B200F2C570 /* DragAndDrop */,
				DE00802128F992B200F2C570 /* Products */,
			);
			sourceTree = "<group>";
		};
		DE00802128F992B200F2C570 /* Products */ = {
			isa = PBXGroup;
			children = (
				DE00802028F992B200F2C570 /* DragAndDrop.app */,
			);
			name = Products;
			sourceTree = "<group>";
		};
		DE00802228F992B200F2C570 /* DragAndDrop */ = {
			isa = PBXGroup;
			children = (
				DEAFBCE628F99F1900739A99 /* CustomView */,
				DEAFBCE128F9979D00739A99 /* Enum */,
				DEAFBCDB28F9965D00739A99 /* Model */,
				DE00802328F992B200F2C570 /* AppDelegate.swift */,
				DE00802528F992B200F2C570 /* SceneDelegate.swift */,
				DE00802728F992B200F2C570 /* FieldViewController.swift */,
				DE00802C28F992BA00F2C570 /* Assets.xcassets */,
				DE00803128F992BA00F2C570 /* Info.plist */,
			);
			path = DragAndDrop;
			sourceTree = "<group>";
		};
		DEAFBCDB28F9965D00739A99 /* Model */ = {
			isa = PBXGroup;
			children = (
				DEAFBCED28FC25B300739A99 /* Formation.swift */,
				DEAFBCDC28F9967C00739A99 /* Player.swift */,
				DEAFBCE228F9982500739A99 /* Stat.swift */,
				DEAFBCE428F998B400739A99 /* Physical.swift */,
			);
			path = Model;
			sourceTree = "<group>";
		};
		DEAFBCE128F9979D00739A99 /* Enum */ = {
			isa = PBXGroup;
			children = (
				DEAFBCDF28F9979700739A99 /* Position.swift */,
			);
			path = Enum;
			sourceTree = "<group>";
		};
		DEAFBCE628F99F1900739A99 /* CustomView */ = {
			isa = PBXGroup;
			children = (
				DEAFBCEB28FC13F400739A99 /* CardView.swift */,
				DEAFBCE928FC135C00739A99 /* PlayerDefaultView.swift */,
				DEAFBCE728F99F2A00739A99 /* PlayerView.swift */,
			);
			path = CustomView;
			sourceTree = "<group>";
		};
/* End PBXGroup section */

/* Begin PBXNativeTarget section */
		DE00801F28F992B200F2C570 /* DragAndDrop */ = {
			isa = PBXNativeTarget;
			buildConfigurationList = DE00803428F992BA00F2C570 /* Build configuration list for PBXNativeTarget "DragAndDrop" */;
			buildPhases = (
				DE00801C28F992B200F2C570 /* Sources */,
				DE00801D28F992B200F2C570 /* Frameworks */,
				DE00801E28F992B200F2C570 /* Resources */,
			);
			buildRules = (
			);
			dependencies = (
			);
			name = DragAndDrop;
			productName = DragAndDrop;
			productReference = DE00802028F992B200F2C570 /* DragAndDrop.app */;
			productType = "com.apple.product-type.application";
		};
/* End PBXNativeTarget section */

/* Begin PBXProject section */
		DE00801828F992B200F2C570 /* Project object */ = {
			isa = PBXProject;
			attributes = {
				BuildIndependentTargetsInParallel = 1;
				LastSwiftUpdateCheck = 1400;
				LastUpgradeCheck = 1400;
				TargetAttributes = {
					DE00801F28F992B200F2C570 = {
						CreatedOnToolsVersion = 14.0;
					};
				};
			};
			buildConfigurationList = DE00801B28F992B200F2C570 /* Build configuration list for PBXProject "DragAndDrop" */;
			compatibilityVersion = "Xcode 14.0";
			developmentRegion = en;
			hasScannedForEncodings = 0;
			knownRegions = (
				en,
				Base,
			);
			mainGroup = DE00801728F992B200F2C570;
			productRefGroup = DE00802128F992B200F2C570 /* Products */;
			projectDirPath = "";
			projectRoot = "";
			targets = (
				DE00801F28F992B200F2C570 /* DragAndDrop */,
			);
		};
/* End PBXProject section */

/* Begin PBXResourcesBuildPhase section */
		DE00801E28F992B200F2C570 /* Resources */ = {
			isa = PBXResourcesBuildPhase;
			buildActionMask = 2147483647;
			files = (
				DE00802D28F992BA00F2C570 /* Assets.xcassets in Resources */,
			);
			runOnlyForDeploymentPostprocessing = 0;
		};
/* End PBXResourcesBuildPhase section */

/* Begin PBXSourcesBuildPhase section */
		DE00801C28F992B200F2C570 /* Sources */ = {
			isa = PBXSourcesBuildPhase;
			buildActionMask = 2147483647;
			files = (
				DEAFBCDD28F9967C00739A99 /* Player.swift in Sources */,
				DE00802828F992B200F2C570 /* FieldViewController.swift in Sources */,
				DEAFBCEA28FC135C00739A99 /* PlayerDefaultView.swift in Sources */,
				DEAFBCEE28FC25B400739A99 /* Formation.swift in Sources */,
				DE00802428F992B200F2C570 /* AppDelegate.swift in Sources */,
				DEAFBCEC28FC13F400739A99 /* CardView.swift in Sources */,
				DEAFBCE828F99F2A00739A99 /* PlayerView.swift in Sources */,
				DEAFBCE328F9982500739A99 /* Stat.swift in Sources */,
				DEAFBCE528F998B400739A99 /* Physical.swift in Sources */,
				DEAFBCE028F9979700739A99 /* Position.swift in Sources */,
				DE00802628F992B200F2C570 /* SceneDelegate.swift in Sources */,
			);
			runOnlyForDeploymentPostprocessing = 0;
		};
/* End PBXSourcesBuildPhase section */

/* Begin XCBuildConfiguration section */
		DE00803228F992BA00F2C570 /* Debug */ = {
			isa = XCBuildConfiguration;
			buildSettings = {
				ALWAYS_SEARCH_USER_PATHS = NO;
				CLANG_ANALYZER_NONNULL = YES;
				CLANG_ANALYZER_NUMBER_OBJECT_CONVERSION = YES_AGGRESSIVE;
				CLANG_CXX_LANGUAGE_STANDARD = "gnu++20";
				CLANG_ENABLE_MODULES = YES;
				CLANG_ENABLE_OBJC_ARC = YES;
				CLANG_ENABLE_OBJC_WEAK = YES;
				CLANG_WARN_BLOCK_CAPTURE_AUTORELEASING = YES;
				CLANG_WARN_BOOL_CONVERSION = YES;
				CLANG_WARN_COMMA = YES;
				CLANG_WARN_CONSTANT_CONVERSION = YES;
				CLANG_WARN_DEPRECATED_OBJC_IMPLEMENTATIONS = YES;
				CLANG_WARN_DIRECT_OBJC_ISA_USAGE = YES_ERROR;
				CLANG_WARN_DOCUMENTATION_COMMENTS = YES;
				CLANG_WARN_EMPTY_BODY = YES;
				CLANG_WARN_ENUM_CONVERSION = YES;
				CLANG_WARN_INFINITE_RECURSION = YES;
				CLANG_WARN_INT_CONVERSION = YES;
				CLANG_WARN_NON_LITERAL_NULL_CONVERSION = YES;
				CLANG_WARN_OBJC_IMPLICIT_RETAIN_SELF = YES;
				CLANG_WARN_OBJC_LITERAL_CONVERSION = YES;
				CLANG_WARN_OBJC_ROOT_CLASS = YES_ERROR;
				CLANG_WARN_QUOTED_INCLUDE_IN_FRAMEWORK_HEADER = YES;
				CLANG_WARN_RANGE_LOOP_ANALYSIS = YES;
				CLANG_WARN_STRICT_PROTOTYPES = YES;
				CLANG_WARN_SUSPICIOUS_MOVE = YES;
				CLANG_WARN_UNGUARDED_AVAILABILITY = YES_AGGRESSIVE;
				CLANG_WARN_UNREACHABLE_CODE = YES;
				CLANG_WARN__DUPLICATE_METHOD_MATCH = YES;
				COPY_PHASE_STRIP = NO;
				DEBUG_INFORMATION_FORMAT = dwarf;
				ENABLE_STRICT_OBJC_MSGSEND = YES;
				ENABLE_TESTABILITY = YES;
				GCC_C_LANGUAGE_STANDARD = gnu11;
				GCC_DYNAMIC_NO_PIC = NO;
				GCC_NO_COMMON_BLOCKS = YES;
				GCC_OPTIMIZATION_LEVEL = 0;
				GCC_PREPROCESSOR_DEFINITIONS = (
					"DEBUG=1",
					"$(inherited)",
				);
				GCC_WARN_64_TO_32_BIT_CONVERSION = YES;
				GCC_WARN_ABOUT_RETURN_TYPE = YES_ERROR;
				GCC_WARN_UNDECLARED_SELECTOR = YES;
				GCC_WARN_UNINITIALIZED_AUTOS = YES_AGGRESSIVE;
				GCC_WARN_UNUSED_FUNCTION = YES;
				GCC_WARN_UNUSED_VARIABLE = YES;
				IPHONEOS_DEPLOYMENT_TARGET = 16.0;
				MTL_ENABLE_DEBUG_INFO = INCLUDE_SOURCE;
				MTL_FAST_MATH = YES;
				ONLY_ACTIVE_ARCH = YES;
				SDKROOT = iphoneos;
				SWIFT_ACTIVE_COMPILATION_CONDITIONS = DEBUG;
				SWIFT_OPTIMIZATION_LEVEL = "-Onone";
			};
			name = Debug;
		};
		DE00803328F992BA00F2C570 /* Release */ = {
			isa = XCBuildConfiguration;
			buildSettings = {
				ALWAYS_SEARCH_USER_PATHS = NO;
				CLANG_ANALYZER_NONNULL = YES;
				CLANG_ANALYZER_NUMBER_OBJECT_CONVERSION = YES_AGGRESSIVE;
				CLANG_CXX_LANGUAGE_STANDARD = "gnu++20";
				CLANG_ENABLE_MODULES = YES;
				CLANG_ENABLE_OBJC_ARC = YES;
				CLANG_ENABLE_OBJC_WEAK = YES;
				CLANG_WARN_BLOCK_CAPTURE_AUTORELEASING = YES;
				CLANG_WARN_BOOL_CONVERSION = YES;
				CLANG_WARN_COMMA = YES;
				CLANG_WARN_CONSTANT_CONVERSION = YES;
				CLANG_WARN_DEPRECATED_OBJC_IMPLEMENTATIONS = YES;
				CLANG_WARN_DIRECT_OBJC_ISA_USAGE = YES_ERROR;
				CLANG_WARN_DOCUMENTATION_COMMENTS = YES;
				CLANG_WARN_EMPTY_BODY = YES;
				CLANG_WARN_ENUM_CONVERSION = YES;
				CLANG_WARN_INFINITE_RECURSION = YES;
				CLANG_WARN_INT_CONVERSION = YES;
				CLANG_WARN_NON_LITERAL_NULL_CONVERSION = YES;
				CLANG_WARN_OBJC_IMPLICIT_RETAIN_SELF = YES;
				CLANG_WARN_OBJC_LITERAL_CONVERSION = YES;
				CLANG_WARN_OBJC_ROOT_CLASS = YES_ERROR;
				CLANG_WARN_QUOTED_INCLUDE_IN_FRAMEWORK_HEADER = YES;
				CLANG_WARN_RANGE_LOOP_ANALYSIS = YES;
				CLANG_WARN_STRICT_PROTOTYPES = YES;
				CLANG_WARN_SUSPICIOUS_MOVE = YES;
				CLANG_WARN_UNGUARDED_AVAILABILITY = YES_AGGRESSIVE;
				CLANG_WARN_UNREACHABLE_CODE = YES;
				CLANG_WARN__DUPLICATE_METHOD_MATCH = YES;
				COPY_PHASE_STRIP = NO;
				DEBUG_INFORMATION_FORMAT = "dwarf-with-dsym";
				ENABLE_NS_ASSERTIONS = NO;
				ENABLE_STRICT_OBJC_MSGSEND = YES;
				GCC_C_LANGUAGE_STANDARD = gnu11;
				GCC_NO_COMMON_BLOCKS = YES;
				GCC_WARN_64_TO_32_BIT_CONVERSION = YES;
				GCC_WARN_ABOUT_RETURN_TYPE = YES_ERROR;
				GCC_WARN_UNDECLARED_SELECTOR = YES;
				GCC_WARN_UNINITIALIZED_AUTOS = YES_AGGRESSIVE;
				GCC_WARN_UNUSED_FUNCTION = YES;
				GCC_WARN_UNUSED_VARIABLE = YES;
				IPHONEOS_DEPLOYMENT_TARGET = 16.0;
				MTL_ENABLE_DEBUG_INFO = NO;
				MTL_FAST_MATH = YES;
				SDKROOT = iphoneos;
				SWIFT_COMPILATION_MODE = wholemodule;
				SWIFT_OPTIMIZATION_LEVEL = "-O";
				VALIDATE_PRODUCT = YES;
			};
			name = Release;
		};
		DE00803528F992BA00F2C570 /* Debug */ = {
			isa = XCBuildConfiguration;
			buildSettings = {
				ASSETCATALOG_COMPILER_APPICON_NAME = AppIcon;
				ASSETCATALOG_COMPILER_GLOBAL_ACCENT_COLOR_NAME = AccentColor;
				CODE_SIGN_STYLE = Automatic;
				CURRENT_PROJECT_VERSION = 1;
				DEVELOPMENT_TEAM = AN529668XK;
				GENERATE_INFOPLIST_FILE = YES;
				INFOPLIST_FILE = DragAndDrop/Info.plist;
				INFOPLIST_KEY_UIApplicationSupportsIndirectInputEvents = YES;
				INFOPLIST_KEY_UISupportedInterfaceOrientations_iPad = "UIInterfaceOrientationPortrait UIInterfaceOrientationPortraitUpsideDown UIInterfaceOrientationLandscapeLeft UIInterfaceOrientationLandscapeRight";
				INFOPLIST_KEY_UISupportedInterfaceOrientations_iPhone = "UIInterfaceOrientationPortrait UIInterfaceOrientationLandscapeLeft UIInterfaceOrientationLandscapeRight";
				LD_RUNPATH_SEARCH_PATHS = (
					"$(inherited)",
					"@executable_path/Frameworks",
				);
				MARKETING_VERSION = 1.0;
				PRODUCT_BUNDLE_IDENTIFIER = com.csh.DragAndDrop;
				PRODUCT_NAME = "$(TARGET_NAME)";
				SWIFT_EMIT_LOC_STRINGS = YES;
				SWIFT_VERSION = 5.0;
				TARGETED_DEVICE_FAMILY = "1,2";
			};
			name = Debug;
		};
		DE00803628F992BA00F2C570 /* Release */ = {
			isa = XCBuildConfiguration;
			buildSettings = {
				ASSETCATALOG_COMPILER_APPICON_NAME = AppIcon;
				ASSETCATALOG_COMPILER_GLOBAL_ACCENT_COLOR_NAME = AccentColor;
				CODE_SIGN_STYLE = Automatic;
				CURRENT_PROJECT_VERSION = 1;
				DEVELOPMENT_TEAM = AN529668XK;
				GENERATE_INFOPLIST_FILE = YES;
				INFOPLIST_FILE = DragAndDrop/Info.plist;
				INFOPLIST_KEY_UIApplicationSupportsIndirectInputEvents = YES;
				INFOPLIST_KEY_UISupportedInterfaceOrientations_iPad = "UIInterfaceOrientationPortrait UIInterfaceOrientationPortraitUpsideDown UIInterfaceOrientationLandscapeLeft UIInterfaceOrientationLandscapeRight";
				INFOPLIST_KEY_UISupportedInterfaceOrientations_iPhone = "UIInterfaceOrientationPortrait UIInterfaceOrientationLandscapeLeft UIInterfaceOrientationLandscapeRight";
				LD_RUNPATH_SEARCH_PATHS = (
					"$(inherited)",
					"@executable_path/Frameworks",
				);
				MARKETING_VERSION = 1.0;
				PRODUCT_BUNDLE_IDENTIFIER = com.csh.DragAndDrop;
				PRODUCT_NAME = "$(TARGET_NAME)";
				SWIFT_EMIT_LOC_STRINGS = YES;
				SWIFT_VERSION = 5.0;
				TARGETED_DEVICE_FAMILY = "1,2";
			};
			name = Release;
		};
/* End XCBuildConfiguration section */

/* Begin XCConfigurationList section */
		DE00801B28F992B200F2C570 /* Build configuration list for PBXProject "DragAndDrop" */ = {
			isa = XCConfigurationList;
			buildConfigurations = (
				DE00803228F992BA00F2C570 /* Debug */,
				DE00803328F992BA00F2C570 /* Release */,
			);
			defaultConfigurationIsVisible = 0;
			defaultConfigurationName = Release;
		};
		DE00803428F992BA00F2C570 /* Build configuration list for PBXNativeTarget "DragAndDrop" */ = {
			isa = XCConfigurationList;
			buildConfigurations = (
				DE00803528F992BA00F2C570 /* Debug */,
				DE00803628F992BA00F2C570 /* Release */,
			);
			defaultConfigurationIsVisible = 0;
			defaultConfigurationName = Release;
		};
/* End XCConfigurationList section */
	};
	rootObject = DE00801828F992B200F2C570 /* Project object */;
}
